
Microsoft Visual Studio Solution File, Format Version 12.00
# Visual Studio Version 16
VisualStudioVersion = 16.0.30114.105
MinimumVisualStudioVersion = 10.0.40219.1
Project("{FAE04EC0-301F-11D3-BF4B-00C04F79EFBC}") = "assignment", "assignment\assignment.csproj", "{B9335653-C960-4AC5-A413-E9CB4D312F55}"
EndProject
Project("{FAE04EC0-301F-11D3-BF4B-00C04F79EFBC}") = "assignment.Tests", "assignment.Tests\assignment.Tests.csproj", "{735A80B1-147E-4DE1-971E-55A9E408EB75}"
EndProject
Global
	GlobalSection(SolutionConfigurationPlatforms) = preSolution
		Debug|Any CPU = Debug|Any CPU
		Debug|x64 = Debug|x64
		Debug|x86 = Debug|x86
		Release|Any CPU = Release|Any CPU
		Release|x64 = Release|x64
		Release|x86 = Release|x86
	EndGlobalSection
	GlobalSection(SolutionProperties) = preSolution
		HideSolutionNode = FALSE
	EndGlobalSection
	GlobalSection(ProjectConfigurationPlatforms) = postSolution
		{B9335653-C960-4AC5-A413-E9CB4D312F55}.Debug|Any CPU.ActiveCfg = Debug|Any CPU
		{B9335653-C960-4AC5-A413-E9CB4D312F55}.Debug|Any CPU.Build.0 = Debug|Any CPU
		{B9335653-C960-4AC5-A413-E9CB4D312F55}.Debug|x64.ActiveCfg = Debug|Any CPU
		{B9335653-C960-4AC5-A413-E9CB4D312F55}.Debug|x64.Build.0 = Debug|Any CPU
		{B9335653-C960-4AC5-A413-E9CB4D312F55}.Debug|x86.ActiveCfg = Debug|Any CPU
		{B9335653-C960-4AC5-A413-E9CB4D312F55}.Debug|x86.Build.0 = Debug|Any CPU
		{B9335653-C960-4AC5-A413-E9CB4D312F55}.Release|Any CPU.ActiveCfg = Release|Any CPU
		{B9335653-C960-4AC5-A413-E9CB4D312F55}.Release|Any CPU.Build.0 = Release|Any CPU
		{B9335653-C960-4AC5-A413-E9CB4D312F55}.Release|x64.ActiveCfg = Release|Any CPU
		{B9335653-C960-4AC5-A413-E9CB4D312F55}.Release|x64.Build.0 = Release|Any CPU
		{B9335653-C960-4AC5-A413-E9CB4D312F55}.Release|x86.ActiveCfg = Release|Any CPU
		{B9335653-C960-4AC5-A413-E9CB4D312F55}.Release|x86.Build.0 = Release|Any CPU
		{735A80B1-147E-4DE1-971E-55A9E408EB75}.Debug|Any CPU.ActiveCfg = Debug|Any CPU
		{735A80B1-147E-4DE1-971E-55A9E408EB75}.Debug|Any CPU.Build.0 = Debug|Any CPU
		{735A80B1-147E-4DE1-971E-55A9E408EB75}.Debug|x64.ActiveCfg = Debug|Any CPU
		{735A80B1-147E-4DE1-971E-55A9E408EB75}.Debug|x64.Build.0 = Debug|Any CPU
		{735A80B1-147E-4DE1-971E-55A9E408EB75}.Debug|x86.ActiveCfg = Debug|Any CPU
		{735A80B1-147E-4DE1-971E-55A9E408EB75}.Debug|x86.Build.0 = Debug|Any CPU
		{735A80B1-147E-4DE1-971E-55A9E408EB75}.Release|Any CPU.ActiveCfg = Release|Any CPU
		{735A80B1-147E-4DE1-971E-55A9E408EB75}.Release|Any CPU.Build.0 = Release|Any CPU
		{735A80B1-147E-4DE1-971E-55A9E408EB75}.Release|x64.ActiveCfg = Release|Any CPU
		{735A80B1-147E-4DE1-971E-55A9E408EB75}.Release|x64.Build.0 = Release|Any CPU
		{735A80B1-147E-4DE1-971E-55A9E408EB75}.Release|x86.ActiveCfg = Release|Any CPU
		{735A80B1-147E-4DE1-971E-55A9E408EB75}.Release|x86.Build.0 = Release|Any CPU
	EndGlobalSection
EndGlobal
